
Microsoft Visual Studio Solution File, Format Version 10.00
# Visual Studio 2008
Project("{FAE04EC0-301F-11D3-BF4B-00C04F79EFBC}") = "UniConverter", "UniConverter.csproj", "{68217B4F-C5A6-45E8-9BC3-34170A83C201}"
EndProject
Global
	GlobalSection(SolutionConfigurationPlatforms) = preSolution
		Debug|Any CPU = Debug|Any CPU
		Release|Any CPU = Release|Any CPU
	EndGlobalSection
	GlobalSection(ProjectConfigurationPlatforms) = postSolution
		{68217B4F-C5A6-45E8-9BC3-34170A83C201}.Debug|Any CPU.ActiveCfg = Debug|Any CPU
		{68217B4F-C5A6-45E8-9BC3-34170A83C201}.Debug|Any CPU.Build.0 = Debug|Any CPU
		{68217B4F-C5A6-45E8-9BC3-34170A83C201}.Release|Any CPU.ActiveCfg = Release|Any CPU
		{68217B4F-C5A6-45E8-9BC3-34170A83C201}.Release|Any CPU.Build.0 = Release|Any CPU
	EndGlobalSection
	GlobalSection(SolutionProperties) = preSolution
		HideSolutionNode = FALSE
	EndGlobalSection
EndGlobal
